
Microsoft Visual Studio Solution File, Format Version 12.00
# Visual Studio Version 16
VisualStudioVersion = 25.0.1704.4
MinimumVisualStudioVersion = 10.0.40219.1
Project("{FAE04EC0-301F-11D3-BF4B-00C04F79EFBC}") = "WeatherApp_APP", "WeatherApp_APP\WeatherApp_APP.csproj", "{CDF909DE-2852-4390-A038-2C6C7A8EC58B}"
EndProject
Global
	GlobalSection(SolutionConfigurationPlatforms) = preSolution
		Debug|Any CPU = Debug|Any CPU
		Release|Any CPU = Release|Any CPU
	EndGlobalSection
	GlobalSection(ProjectConfigurationPlatforms) = postSolution
		{CDF909DE-2852-4390-A038-2C6C7A8EC58B}.Debug|Any CPU.ActiveCfg = Debug|Any CPU
		{CDF909DE-2852-4390-A038-2C6C7A8EC58B}.Debug|Any CPU.Build.0 = Debug|Any CPU
		{CDF909DE-2852-4390-A038-2C6C7A8EC58B}.Release|Any CPU.ActiveCfg = Release|Any CPU
		{CDF909DE-2852-4390-A038-2C6C7A8EC58B}.Release|Any CPU.Build.0 = Release|Any CPU
	EndGlobalSection
	GlobalSection(SolutionProperties) = preSolution
		HideSolutionNode = FALSE
	EndGlobalSection
	GlobalSection(ExtensibilityGlobals) = postSolution
		SolutionGuid = {73B9F56B-F98E-4DF7-9466-91CAB8AB2E71}
	EndGlobalSection
EndGlobal
